
Microsoft Visual Studio Solution File, Format Version 12.00
# Visual Studio Version 16
VisualStudioVersion = 16.0.29613.14
MinimumVisualStudioVersion = 10.0.40219.1
Project("{FAE04EC0-301F-11D3-BF4B-00C04F79EFBC}") = "BooksApi", "BooksApi.csproj", "{06C0AE15-FF86-4308-BB9F-33B5A5BBE7AA}"
EndProject
Global
	GlobalSection(SolutionConfigurationPlatforms) = preSolution
		Debug|Any CPU = Debug|Any CPU
		Release|Any CPU = Release|Any CPU
	EndGlobalSection
	GlobalSection(ProjectConfigurationPlatforms) = postSolution
		{06C0AE15-FF86-4308-BB9F-33B5A5BBE7AA}.Debug|Any CPU.ActiveCfg = Debug|Any CPU
		{06C0AE15-FF86-4308-BB9F-33B5A5BBE7AA}.Debug|Any CPU.Build.0 = Debug|Any CPU
		{06C0AE15-FF86-4308-BB9F-33B5A5BBE7AA}.Release|Any CPU.ActiveCfg = Release|Any CPU
		{06C0AE15-FF86-4308-BB9F-33B5A5BBE7AA}.Release|Any CPU.Build.0 = Release|Any CPU
	EndGlobalSection
	GlobalSection(SolutionProperties) = preSolution
		HideSolutionNode = FALSE
	EndGlobalSection
	GlobalSection(ExtensibilityGlobals) = postSolution
		SolutionGuid = {0706266D-8244-4569-A9BE-C666E234E0A4}
	EndGlobalSection
EndGlobal
